
Microsoft Visual Studio Solution File, Format Version 12.00
# Visual Studio Version 17
VisualStudioVersion = 17.0.31611.283
MinimumVisualStudioVersion = 10.0.40219.1
Project("{9A19103F-16F7-4668-BE54-9A1E7A4F7556}") = "MAUI.Demo", "MAUI.Demo\MAUI.Demo.csproj", "{2DD86D58-EE5D-4A7A-B71C-1466D291C1FE}"
EndProject
Global
	GlobalSection(SolutionConfigurationPlatforms) = preSolution
		Debug|Any CPU = Debug|Any CPU
		Release|Any CPU = Release|Any CPU
	EndGlobalSection
	GlobalSection(ProjectConfigurationPlatforms) = postSolution
		{2DD86D58-EE5D-4A7A-B71C-1466D291C1FE}.Debug|Any CPU.ActiveCfg = Debug|Any CPU
		{2DD86D58-EE5D-4A7A-B71C-1466D291C1FE}.Debug|Any CPU.Build.0 = Debug|Any CPU
		{2DD86D58-EE5D-4A7A-B71C-1466D291C1FE}.Debug|Any CPU.Deploy.0 = Debug|Any CPU
		{2DD86D58-EE5D-4A7A-B71C-1466D291C1FE}.Release|Any CPU.ActiveCfg = Release|Any CPU
		{2DD86D58-EE5D-4A7A-B71C-1466D291C1FE}.Release|Any CPU.Build.0 = Release|Any CPU
		{2DD86D58-EE5D-4A7A-B71C-1466D291C1FE}.Release|Any CPU.Deploy.0 = Release|Any CPU
	EndGlobalSection
	GlobalSection(SolutionProperties) = preSolution
		HideSolutionNode = FALSE
	EndGlobalSection
	GlobalSection(ExtensibilityGlobals) = postSolution
		SolutionGuid = {61F7FB11-1E47-470C-91E2-47F8143E1572}
	EndGlobalSection
EndGlobal
